
Microsoft Visual Studio Solution File, Format Version 12.00
# Visual Studio Version 17
VisualStudioVersion = 17.1.32210.238
MinimumVisualStudioVersion = 10.0.40219.1
Project("{9A19103F-16F7-4668-BE54-9A1E7A4F7556}") = "LiT Project", "LiT Project\LiT Project.csproj", "{A3053B81-CE20-4A42-B545-A2312A694D72}"
EndProject
Project("{FAE04EC0-301F-11D3-BF4B-00C04F79EFBC}") = "DataLibrary", "DataLibrary\DataLibrary.csproj", "{BD946ADB-DF01-4CEA-81DA-2F61C81BE763}"
EndProject
Project("{FAE04EC0-301F-11D3-BF4B-00C04F79EFBC}") = "Testing", "Testing\Testing.csproj", "{F33BEACA-B2E4-4647-BD6D-C1F2CA1B7763}"
EndProject
Global
	GlobalSection(SolutionConfigurationPlatforms) = preSolution
		Debug|Any CPU = Debug|Any CPU
		Release|Any CPU = Release|Any CPU
	EndGlobalSection
	GlobalSection(ProjectConfigurationPlatforms) = postSolution
		{A3053B81-CE20-4A42-B545-A2312A694D72}.Debug|Any CPU.ActiveCfg = Debug|Any CPU
		{A3053B81-CE20-4A42-B545-A2312A694D72}.Debug|Any CPU.Build.0 = Debug|Any CPU
		{A3053B81-CE20-4A42-B545-A2312A694D72}.Release|Any CPU.ActiveCfg = Release|Any CPU
		{A3053B81-CE20-4A42-B545-A2312A694D72}.Release|Any CPU.Build.0 = Release|Any CPU
		{BD946ADB-DF01-4CEA-81DA-2F61C81BE763}.Debug|Any CPU.ActiveCfg = Debug|Any CPU
		{BD946ADB-DF01-4CEA-81DA-2F61C81BE763}.Debug|Any CPU.Build.0 = Debug|Any CPU
		{BD946ADB-DF01-4CEA-81DA-2F61C81BE763}.Release|Any CPU.ActiveCfg = Release|Any CPU
		{BD946ADB-DF01-4CEA-81DA-2F61C81BE763}.Release|Any CPU.Build.0 = Release|Any CPU
		{F33BEACA-B2E4-4647-BD6D-C1F2CA1B7763}.Debug|Any CPU.ActiveCfg = Debug|Any CPU
		{F33BEACA-B2E4-4647-BD6D-C1F2CA1B7763}.Debug|Any CPU.Build.0 = Debug|Any CPU
		{F33BEACA-B2E4-4647-BD6D-C1F2CA1B7763}.Release|Any CPU.ActiveCfg = Release|Any CPU
		{F33BEACA-B2E4-4647-BD6D-C1F2CA1B7763}.Release|Any CPU.Build.0 = Release|Any CPU
	EndGlobalSection
	GlobalSection(SolutionProperties) = preSolution
		HideSolutionNode = FALSE
	EndGlobalSection
	GlobalSection(ExtensibilityGlobals) = postSolution
		SolutionGuid = {A132E86F-D552-4FBE-9525-9F0F1202664E}
	EndGlobalSection
EndGlobal
